
Microsoft Visual Studio Solution File, Format Version 12.00
# Visual Studio 15
VisualStudioVersion = 15.0.26730.16
MinimumVisualStudioVersion = 10.0.40219.1
Project("{FAE04EC0-301F-11D3-BF4B-00C04F79EFBC}") = "Secret_Santa", "Secret_Santa\Secret_Santa.csproj", "{4DA49C37-42DB-4951-B6AD-7DE2657702EC}"
EndProject
Project("{FAE04EC0-301F-11D3-BF4B-00C04F79EFBC}") = "Logic", "Logic\Logic.csproj", "{C8E33D34-1DC0-4C37-93E3-6CA20E67180D}"
EndProject
Project("{FAE04EC0-301F-11D3-BF4B-00C04F79EFBC}") = "Tests", "Tests\Tests.csproj", "{7FA202E1-4F7F-4176-9A96-FFA1B79079B3}"
EndProject
Global
	GlobalSection(SolutionConfigurationPlatforms) = preSolution
		Debug|Any CPU = Debug|Any CPU
		Release|Any CPU = Release|Any CPU
	EndGlobalSection
	GlobalSection(ProjectConfigurationPlatforms) = postSolution
		{4DA49C37-42DB-4951-B6AD-7DE2657702EC}.Debug|Any CPU.ActiveCfg = Debug|Any CPU
		{4DA49C37-42DB-4951-B6AD-7DE2657702EC}.Debug|Any CPU.Build.0 = Debug|Any CPU
		{4DA49C37-42DB-4951-B6AD-7DE2657702EC}.Release|Any CPU.ActiveCfg = Release|Any CPU
		{4DA49C37-42DB-4951-B6AD-7DE2657702EC}.Release|Any CPU.Build.0 = Release|Any CPU
		{C8E33D34-1DC0-4C37-93E3-6CA20E67180D}.Debug|Any CPU.ActiveCfg = Debug|Any CPU
		{C8E33D34-1DC0-4C37-93E3-6CA20E67180D}.Debug|Any CPU.Build.0 = Debug|Any CPU
		{C8E33D34-1DC0-4C37-93E3-6CA20E67180D}.Release|Any CPU.ActiveCfg = Release|Any CPU
		{C8E33D34-1DC0-4C37-93E3-6CA20E67180D}.Release|Any CPU.Build.0 = Release|Any CPU
		{7FA202E1-4F7F-4176-9A96-FFA1B79079B3}.Debug|Any CPU.ActiveCfg = Debug|Any CPU
		{7FA202E1-4F7F-4176-9A96-FFA1B79079B3}.Debug|Any CPU.Build.0 = Debug|Any CPU
		{7FA202E1-4F7F-4176-9A96-FFA1B79079B3}.Release|Any CPU.ActiveCfg = Release|Any CPU
		{7FA202E1-4F7F-4176-9A96-FFA1B79079B3}.Release|Any CPU.Build.0 = Release|Any CPU
	EndGlobalSection
	GlobalSection(SolutionProperties) = preSolution
		HideSolutionNode = FALSE
	EndGlobalSection
	GlobalSection(ExtensibilityGlobals) = postSolution
		SolutionGuid = {C399CBB2-0D3B-4EEF-A52C-CE57813A8380}
	EndGlobalSection
EndGlobal
